
Microsoft Visual Studio Solution File, Format Version 12.00
# Visual Studio Version 16
VisualStudioVersion = 16.0.31729.503
MinimumVisualStudioVersion = 10.0.40219.1
Project("{FAE04EC0-301F-11D3-BF4B-00C04F79EFBC}") = "WpfApp4", "WpfApp4\WpfApp4.csproj", "{1142CDB8-C7AE-431B-8C70-E2DA8BD0C4D3}"
EndProject
Global
	GlobalSection(SolutionConfigurationPlatforms) = preSolution
		Debug|Any CPU = Debug|Any CPU
		Release|Any CPU = Release|Any CPU
	EndGlobalSection
	GlobalSection(ProjectConfigurationPlatforms) = postSolution
		{1142CDB8-C7AE-431B-8C70-E2DA8BD0C4D3}.Debug|Any CPU.ActiveCfg = Debug|Any CPU
		{1142CDB8-C7AE-431B-8C70-E2DA8BD0C4D3}.Debug|Any CPU.Build.0 = Debug|Any CPU
		{1142CDB8-C7AE-431B-8C70-E2DA8BD0C4D3}.Release|Any CPU.ActiveCfg = Release|Any CPU
		{1142CDB8-C7AE-431B-8C70-E2DA8BD0C4D3}.Release|Any CPU.Build.0 = Release|Any CPU
	EndGlobalSection
	GlobalSection(SolutionProperties) = preSolution
		HideSolutionNode = FALSE
	EndGlobalSection
	GlobalSection(ExtensibilityGlobals) = postSolution
		SolutionGuid = {7C8B3AC2-5A00-4E14-8941-E4006E8F1EDD}
	EndGlobalSection
EndGlobal
